lockfileVersion: '9.0'

settings:
  autoInstallPeers: true
  excludeLinksFromLockfile: false

importers:

  .:
    devDependencies:
      devalue:
        specifier: 5.9.4
        version: 5.9.4

packages:

  devalue@5.9.4:
    resolution: {integrity: sha512-sPAT4pztbu6586/hrhOnMKS17IJrvg12mXiSPSS3W5qDeN2RGgvZ0diZCm31dBbnevfVmujNO3IM2wrS4Y2Rhg==}

snapshots:

  devalue@5.9.4: {}
